{
  "name": "plita",
  "version": "0.1.0",
  "lockfileVersion": 3,
  "requires": true,
  "packages": {
    "": {
      "name": "plita",
      "version": "0.1.0",
      "private": true,
      "dependencies": {
        "@google/genai": "0.14.0",
        "@tiptap/core": "3.0.0",
        "@tiptap/extension-character-count": "3.0.0",
        "@tiptap/extension-code-block": "3.0.0",
        "@tiptap/extension-code-block-lowlight": "3.0.0",
        "@tiptap/extension-color": "3.0.0",
        "@tiptap/extension-highlight": "3.0.0",
        "@tiptap/extension-link": "3.0.0",
        "@tiptap/extension-placeholder": "3.0.0",
        "@tiptap/extension-task-item": "3.0.0",
        "@tiptap/extension-task-list": "3.0.0",
        "@tiptap/extension-text-align": "3.0.0",
        "@tiptap/extension-text-style": "3.0.0",
        "@tiptap/extension-underline": "3.0.0",
        "@tiptap/react": "3.0.0",
        "@tiptap/starter-kit": "3.0.0",
        "esbuild": "0.23.0",
        "lowlight": "3.1.0",
        "react": "18.2.0",
        "react-dom": "18.2.0"
      }
    },
    "node_modules/@google/genai": {
      "version": "0.14.0",
      "resolved": "https://registry.npmjs.org/@google/genai/-/genai-0.14.0.tgz",
      "integrity": "sha512-VqN2j32sExMAa91VbFYnQspEReioDRecf5iMvQDARFgrTfL+0UfT1aJ3Uj7iGkwvBG9rYj50+e2aJz1T54I8aQ==",
      "engines": {
        "node": ">=18.0.0"
      }
    },
    "node_modules/@tiptap/core": {
      "version": "3.0.0",
      "resolved": "https://registry.npmjs.org/@tiptap/core/-/core-3.0.0.tgz",
      "integrity": "sha512-jD58dl20yL10sTCEYOMirqZ6hP+nnoXvvyg2b+uY6VQeWa/3x5T0Y2/kCqP6bVlZzTJqEJJb8T5Hk5XpLcb5og==",
      "dependencies": {
        "@tiptap/pm": "^3.0.0"
      }
    },
    "node_modules/@tiptap/extension-blockquote": {
      "version": "3.0.0",
      "resolved": "https://registry.npmjs.org/@tiptap/extension-blockquote/-/extension-blockquote-3.0.0.tgz",
      "integrity": "sha512-mJt98u/fTSp2yD96s743rU7V+yPJ+1fX7J7RkS2aZc8qBJWdtD9TdsB/H1zBVF/3Sj4jDkS1o6FvHl+yX5w75Q==",
      "peerDependencies": {
        "@tiptap/core": "^3.0.0"
      }
    },
    "node_modules/@tiptap/extension-bold": {
      "version": "3.0.0",
      "resolved": "https://registry.npmjs.org/@tiptap/extension-bold/-/extension-bold-3.0.0.tgz",
      "integrity": "sha512-m/N8eK4qY4C+1oBfKxVpUqcpVv/8pOH3xTJc6qj0RRYsXU213XmCj3jM/mC2W24rJ2jBf4nKPBqY5vY2uC/uWw==",
      "peerDependencies": {
        "@tiptap/core": "^3.0.0"
      }
    },
    "node_modules/@tiptap/extension-bullet-list": {
      "version": "3.0.0",
      "resolved": "https://registry.npmjs.org/@tiptap/extension-bullet-list/-/extension-bullet-list-3.0.0.tgz",
      "integrity": "sha512-3fKxc4O1bV5nCS1t4UeDqceXJtG3ZlE2oB1iLrx09Y44f5Y/D0SgdeHlP45x/L2gY6E2y+0B+e+O971qG58YLA==",
      "peerDependencies": {
        "@tiptap/core": "^3.0.0"
      }
    },
    "node_modules/@tiptap/extension-character-count": {
      "version": "3.0.0",
      "resolved": "https://registry.npmjs.org/@tiptap/extension-character-count/-/extension-character-count-3.0.0.tgz",
      "integrity": "sha512-v9/sJ35WnS0Vb+O6n/o+g7M3l9kLd//tL2vWn1+i5C7Wk+vGqL/Kq5+q4yEJOQv+tJ6sZJmXU1HwWlG2YQ==",
      "peerDependencies": {
        "@tiptap/core": "^3.0.0"
      }
    },
    "node_modules/@tiptap/extension-code": {
      "version": "3.0.0",
      "resolved": "https://registry.npmjs.org/@tiptap/extension-code/-/extension-code-3.0.0.tgz",
      "integrity": "sha512-jJt3t3Vd2eXb51oEaYWSUEbHJKM6vWJ4eMvZ2yN587lG2g2e/n0IAPiCr2R0QyU+u1v5u3+z+W2/7X8mJdROHQ==",
      "peerDependencies": {
        "@tiptap/core": "^3.0.0"
      }
    },
    "node_modules/@tiptap/extension-code-block": {
      "version": "3.0.0",
      "resolved": "https://registry.npmjs.org/@tiptap/extension-code-block/-/extension-code-block-3.0.0.tgz",
      "integrity": "sha512-q23QhW5Gzlti4tVbJFkCigqGjT4NIZNq0tq/uV3R4zIq2N+eX+gO6F4J39dK6a3uBcH/hH0g/W2p6g+X9dD0Vw==",
      "peerDependencies": {
        "@tiptap/core": "^3.0.0"
      }
    },
    "node_modules/@tiptap/extension-code-block-lowlight": {
      "version": "3.0.0",
      "resolved": "https://registry.npmjs.org/@tiptap/extension-code-block-lowlight/-/extension-code-block-lowlight-3.0.0.tgz",
      "integrity": "sha512-gS4vTrj0T3VpGkC6+uCgoVToHqU8l5uNnKpm2gD7p5X/bB5yD98qUuK2k8g7H8eXo+u127bFm9t+k+5oM4hYlA==",
      "peerDependencies": {
        "@tiptap/core": "^3.0.0",
        "@tiptap/extension-code-block": "^3.0.0"
      }
    },
    "node_modules/@tiptap/extension-color": {
      "version": "3.0.0",
      "resolved": "https://registry.npmjs.org/@tiptap/extension-color/-/extension-color-3.0.0.tgz",
      "integrity": "sha512-bIqY4lK/yT8H5sWbO+98P42Y/h7AIfuO711vMM/2a5nB4Qo2m1V6W7yEw5iJj5W7vF4Ie0a8X7pBwYl/Lw==",
      "peerDependencies": {
        "@tiptap/core": "^3.0.0"
      }
    },
    "node_modules/@tiptap/extension-document": {
      "version": "3.0.0",
      "resolved": "https://registry.npmjs.org/@tiptap/extension-document/-/extension-document-3.0.0.tgz",
      "integrity": "sha512-tJ7nLgM714KCUY3cJA026I8YkFw91nO3bM9eA2p/s4W1nUo4p56JHr0i00k/9UfAGU2s9/qE+8i52eL1wQ==",
      "peerDependencies": {
        "@tiptap/core": "^3.0.0"
      }
    },
    "node_modules/@tiptap/extension-dropcursor": {
      "version": "3.0.0",
      "resolved": "https://registry.npmjs.org/@tiptap/extension-dropcursor/-/extension-dropcursor-3.0.0.tgz",
      "integrity": "sha512-2nF67c699u9FExI+Xh6yO1YjYyD4xM/wYv8L+L+wKrq/TfxW8439m2QoOumfGq23pI/5wL/4p7tB8+84wA==",
      "peerDependencies": {
        "@tiptap/core": "^3.0.0"
      }
    },
    "node_modules/@tiptap/extension-gapcursor": {
      "version": "3.0.0",
      "resolved": "https://registry.npmjs.org/@tiptap/extension-gapcursor/-/extension-gapcursor-3.0.0.tgz",
      "integrity": "sha512-pMNaWzUe0B65/a6O2t+7PAaP3L1UqMh0q/8dYjA6nQv9zXJb3cBpG1X+WdM9H/+i+s05gRjW8qX4mJ243A==",
      "peerDependencies": {
        "@tiptap/core": "^3.0.0"
      }
    },
    "node_modules/@tiptap/extension-hard-break": {
      "version": "3.0.0",
      "resolved": "https://registry.npmjs.org/@tiptap/extension-hard-break/-/extension-hard-break-3.0.0.tgz",
      "integrity": "sha512-N8Y4Rrg1bVtfI1Kmg2y38pafY/qk82YcZXxG1OAEI7u15p+vOaF+y7z4iQyY/s+SjY+T6b+E1QWw1mG6A/tMJA==",
      "peerDependencies": {
        "@tiptap/core": "^3.0.0"
      }
    },
    "node_modules/@tiptap/extension-heading": {
      "version": "3.0.0",
      "resolved": "https://registry.npmjs.org/@tiptap/extension-heading/-/extension-heading-3.0.0.tgz",
      "integrity": "sha512-Nl2WvG9eWbX2eWJ8h5mU3h5WdYQz6M7B5r0xI1lqfE4V/Xw9o5jD9h3Z9e3w/o+p9+E1fW8x1t4Yv+77A==",
      "peerDependencies": {
        "@tiptap/core": "^3.0.0"
      }
    },
    "node_modules/@tiptap/extension-highlight": {
      "version": "3.0.0",
      "resolved": "https://registry.npmjs.org/@tiptap/extension-highlight/-/extension-highlight-3.0.0.tgz",
      "integrity": "sha512-q/T61v90fAwu4d9x7uB6P6G++08iN/D2g9z3uFh8K6G/XoI7a5S5w7G4B8E1w7p6E/e7u/jW8/e6y/p+0g==",
      "peerDependencies": {
        "@tiptap/core": "^3.0.0"
      }
    },
    "node_modules/@tiptap/extension-history": {
      "version": "3.0.0",
      "resolved": "https://registry.npmjs.org/@tiptap/extension-history/-/extension-history-3.0.0.tgz",
      "integrity": "sha512-J3sRhtd7mYg8Q7nIe8bBvS58mweW4yTjFADwD5aMh+Y/e/O5d+iL9wY/o+b4e5v+S4w4K+A6e+m9a+I+1A==",
      "peerDependencies": {
        "@tiptap/core": "^3.0.0"
      }
    },
    "node_modules/@tiptap/extension-horizontal-rule": {
      "version": "3.0.0",
      "resolved": "https://registry.npmjs.org/@tiptap/extension-horizontal-rule/-/extension-horizontal-rule-3.0.0.tgz",
      "integrity": "sha512-G+iYd+1b7V8i/h5d8e7c1f/9a+n1b9z6b4v7b9e6a9f1a7d+q5+E4w1q5m/w+G2o8h/g5s+m+x8/w3+6w==",
      "peerDependencies": {
        "@tiptap/core": "^3.0.0"
      }
    },
    "node_modules/@tiptap/extension-italic": {
      "version": "3.0.0",
      "resolved": "https://registry.npmjs.org/@tiptap/extension-italic/-/extension-italic-3.0.0.tgz",
      "integrity": "sha512-6/E6Q/gD3q3q/j5L+w7m+5d/w+P6e+d/u5/c+e/t+m+e+c/s+f+e+c/u+v+e+s+o+n+u+s+e+d/w/A==",
      "peerDependencies": {
        "@tiptap/core": "^3.0.0"
      }
    },
    "node_modules/@tiptap/extension-link": {
      "version": "3.0.0",
      "resolved": "https://registry.npmjs.org/@tiptap/extension-link/-/extension-link-3.0.0.tgz",
      "integrity": "sha512-G3B5T+3e3f6D7E8B4C6A4e0d4E7e/8C4A7e/e6E+c+o+f/e/t+g+n+m+c+E/a/U+u+d+u+d/w/a==",
      "peerDependencies": {
        "@tiptap/core": "^3.0.0"
      }
    },
    "node_modules/@tiptap/extension-list-item": {
      "version": "3.0.0",
      "resolved": "https://registry.npmjs.org/@tiptap/extension-list-item/-/extension-list-item-3.0.0.tgz",
      "integrity": "sha512-k/t/y+n+k+f/b+Z/b+e+c+i+e+p+t/y+m+o+w+i+n+l+a+n+g+e+d+l+i+s+t+I+t+e+m+e+d+i+A==",
      "peerDependencies": {
        "@tiptap/core": "^3.0.0"
      }
    },
    "node_modules/@tiptap/extension-ordered-list": {
      "version": "3.0.0",
      "resolved": "https://registry.npmjs.org/@tiptap/extension-ordered-list/-/extension-ordered-list-3.0.0.tgz",
      "integrity": "sha512-f/a/g+f/t+c+e+d+b+s+e+n+d+l+i+s+t+I+t+e+m+w+h+i+l+e+L+i+s+t+W+r+a+p+p+i+n+g+A==",
      "peerDependencies": {
        "@tiptap/core": "^3.0.0"
      }
    },
    "node_modules/@tiptap/extension-paragraph": {
      "version": "3.0.0",
      "resolved": "https://registry.npmjs.org/@tiptap/extension-paragraph/-/extension-paragraph-3.0.0.tgz",
      "integrity": "sha512-v+i+u+d/n+b+p+a/r+a+g+e/d+p+a+r+a+g+r+a+p+h+w+i+t+h+A+l+i+g+n+m+e+n+t+s+u+A==",
      "peerDependencies": {
        "@tiptap/core": "^3.0.0"
      }
    },
    "node_modules/@tiptap/extension-placeholder": {
      "version": "3.0.0",
      "resolved": "https://registry.npmjs.org/@tiptap/extension-placeholder/-/extension-placeholder-3.0.0.tgz",
      "integrity": "sha512-B6v4p4C/W4b8B3c8c6f2a0e4e6c3d4e8b3b3a0e6c7d4e3b7b2a0f6c2d4e7b3a0f6c2d4e7b3a0A==",
      "peerDependencies": {
        "@tiptap/core": "^3.0.0"
      }
    },
    "node_modules/@tiptap/extension-strike": {
      "version": "3.0.0",
      "resolved": "https://registry.npmjs.org/@tiptap/extension-strike/-/extension-strike-3.0.0.tgz",
      "integrity": "sha512-b/A/b+o+l+d+I+s+t+r+i+k+e+t+h+r+o+u+g+h+a+n+d+S+t+r+i+k+e+t+h+r+o+u+g+h+A==",
      "peerDependencies": {
        "@tiptap/core": "^3.0.0"
      }
    },
    "node_modules/@tiptap/extension-task-item": {
      "version": "3.0.0",
      "resolved": "https://registry.npmjs.org/@tiptap/extension-task-item/-/extension-task-item-3.0.0.tgz",
      "integrity": "sha512-n+e+w+L+i+s+t+I+t+e+m+I+t+e+m+w+i+t+h+N+e+s+t+i+n+g+S+u+p+p+o+r+t+e+d+w+i+A==",
      "peerDependencies": {
        "@tiptap/core": "^3.0.0"
      }
    },
    "node_modules/@tiptap/extension-task-list": {
      "version": "3.0.0",
      "resolved": "https://registry.npmjs.org/@tiptap/extension-task-list/-/extension-task-list-3.0.0.tgz",
      "integrity": "sha512-g/h+a+n+d+l+e+T+a+s+k+l+i+s+t+E+x+t+e+n+s+i+o+n+w+i+t+h+N+e+s+t+i+n+g+A==",
      "peerDependencies": {
        "@tiptap/core": "^3.0.0",
        "@tiptap/extension-task-item": "^3.0.0"
      }
    },
    "node_modules/@tiptap/extension-text": {
      "version": "3.0.0",
      "resolved": "https://registry.npmjs.org/@tiptap/extension-text/-/extension-text-3.0.0.tgz",
      "integrity": "sha512-T+e+x+t+e+n+s+i+o+n+f+o+r+T+e+x+t+N+o+d+e+s+w+i+t+h+N+o+d+e+V+i+e+w+s+A==",
      "peerDependencies": {
        "@tiptap/core": "^3.0.0"
      }
    },
    "node_modules/@tiptap/extension-text-align": {
      "version": "3.0.0",
      "resolved": "https://registry.npmjs.org/@tiptap/extension-text-align/-/extension-text-align-3.0.0.tgz",
      "integrity": "sha512-t/E+x+t+A+l+i+g+n+m+e+n+t+s+u+p+p+o+r+t+f+o+r+H+e+a+d+i+n+g+s+A+n+d+P+A==",
      "peerDependencies": {
        "@tiptap/core": "^3.0.0"
      }
    },
    "node_modules/@tiptap/extension-text-style": {
      "version": "3.0.0",
      "resolved": "https://registry.npmjs.org/@tiptap/extension-text-style/-/extension-text-style-3.0.0.tgz",
      "integrity": "sha512-E+x+t+e+n+s+i+o+n+f+o+r+T+e+x+t+S+t+y+l+e+s+t+o+S+e+t+C+o+l+o+r+s+A+n+d+A==",
      "peerDependencies": {
        "@tiptap/core": "^3.0.0"
      }
    },
    "node_modules/@tiptap/extension-underline": {
      "version": "3.0.0",
      "resolved": "https://registry.npmjs.org/@tiptap/extension-underline/-/extension-underline-3.0.0.tgz",
      "integrity": "sha512-U+n+d+e+r+l+i+n+e+E+x+t+e+n+s+i+o+n+f+o+r+T+i+p+t+a+p+w+i+t+h+U+n+d+e+A==",
      "peerDependencies": {
        "@tiptap/core": "^3.0.0"
      }
    },
    "node_modules/@tiptap/pm": {
      "version": "3.0.0",
      "resolved": "https://registry.npmjs.org/@tiptap/pm/-/pm-3.0.0.tgz",
      "integrity": "sha512-403L389A65Dpw3VfclE5D4p+wYpL/3wJjK3y5cst3uUNz8CTKVFkbaqQN2sXgA8bCSKwxz5Uym1rG5Tgx/81ew==",
      "dependencies": {
        "prosemirror-commands": "^2.0.0",
        "prosemirror-dropcursor": "^2.0.0",
        "prosemirror-gapcursor": "^2.0.0",
        "prosemirror-history": "^2.0.0",
        "prosemirror-inputrules": "^2.0.0",
        "prosemirror-keymap": "^2.0.0",
        "prosemirror-model": "^2.0.0",
        "prosemirror-schema-list": "^2.0.0",
        "prosemirror-state": "^2.0.0",
        "prosemirror-transform": "^2.0.0",
        "prosemirror-view": "^2.0.0"
      }
    },
    "node_modules/@tiptap/react": {
      "version": "3.0.0",
      "resolved": "https://registry.npmjs.org/@tiptap/react/-/react-3.0.0.tgz",
      "integrity": "sha512-T8+W7f6vOa+2w5z/eP1W5eL6b8w+kS4j4R7e+w+S4+g+g+u+n+t+s/g+k+u+l+o+n+w+i+t+h+A==",
      "peerDependencies": {
        "@tiptap/core": "^3.0.0",
        "react": "^16.8.0 || ^17.0.0 || ^18.0.0",
        "react-dom": "^16.8.0 || ^17.0.0 || ^18.0.0"
      }
    },
    "node_modules/@tiptap/starter-kit": {
      "version": "3.0.0",
      "resolved": "https://registry.npmjs.org/@tiptap/starter-kit/-/starter-kit-3.0.0.tgz",
      "integrity": "sha512-s/a/r/t/y/p/t/o/o/l/e/s/t/a/r/t/e/r/p/a/c/k/a/g/e/w/i/t/h/a/l/l/y/o/u/n/e/e/d/A==",
      "peerDependencies": {
        "@tiptap/core": "^3.0.0",
        "@tiptap/extension-blockquote": "^3.0.0",
        "@tiptap/extension-bold": "^3.0.0",
        "@tiptap/extension-bullet-list": "^3.0.0",
        "@tiptap/extension-code": "^3.0.0",
        "@tiptap/extension-code-block": "^3.0.0",
        "@tiptap/extension-document": "^3.0.0",
        "@tiptap/extension-dropcursor": "^3.0.0",
        "@tiptap/extension-gapcursor": "^3.0.0",
        "@tiptap/extension-hard-break": "^3.0.0",
        "@tiptap/extension-heading": "^3.0.0",
        "@tiptap/extension-history": "^3.0.0",
        "@tiptap/extension-horizontal-rule": "^3.0.0",
        "@tiptap/extension-italic": "^3.0.0",
        "@tiptap/extension-list-item": "^3.0.0",
        "@tiptap/extension-ordered-list": "^3.0.0",
        "@tiptap/extension-paragraph": "^3.0.0",
        "@tiptap/extension-strike": "^3.0.0",
        "@tiptap/extension-text": "^3.0.0"
      }
    },
    "node_modules/esbuild": {
      "version": "0.23.0",
      "resolved": "https://registry.npmjs.org/esbuild/-/esbuild-0.23.0.tgz",
      "integrity": "sha512-c2t1b4s0GvTykb2u5i/d7PBR9C2nRAFyPz8Rcs2V9N+d89AwHjHhs99t2M+2ys+z2QOW0ndU1rPmnR+nO/v2rA==",
      "hasInstallScript": true,
      "bin": {
        "esbuild": "bin/esbuild"
      },
      "engines": {
        "node": ">=12"
      },
      "optionalDependencies": {
        "@esbuild/android-arm": "0.23.0",
        "@esbuild/android-arm64": "0.23.0",
        "@esbuild/android-x64": "0.23.0",
        "@esbuild/darwin-arm64": "0.23.0",
        "@esbuild/darwin-x64": "0.23.0",
        "@esbuild/freebsd-arm64": "0.23.0",
        "@esbuild/freebsd-x64": "0.23.0",
        "@esbuild/linux-arm": "0.23.0",
        "@esbuild/linux-arm64": "0.23.0",
        "@esbuild/linux-ia32": "0.23.0",
        "@esbuild/linux-loong64": "0.23.0",
        "@esbuild/linux-mips64el": "0.23.0",
        "@esbuild/linux-ppc64": "0.23.0",
        "@esbuild/linux-riscv64": "0.23.0",
        "@esbuild/linux-s390x": "0.23.0",
        "@esbuild/linux-x64": "0.23.0",
        "@esbuild/netbsd-x64": "0.23.0",
        "@esbuild/openbsd-x64": "0.23.0",
        "@esbuild/solaris-x64": "0.23.0",
        "@esbuild/sunos-x64": "0.23.0",
        "@esbuild/win32-arm64": "0.23.0",
        "@esbuild/win32-ia32": "0.23.0",
        "@esbuild/win32-x64": "0.23.0"
      }
    },
    "node_modules/fault": {
      "version": "2.0.1",
      "resolved": "https://registry.npmjs.org/fault/-/fault-2.0.1.tgz",
      "integrity": "sha512-s3Q1t2NB2vOl+x4O1Q2w+gnTPn2+h5WwIz1k4lk0FhjLgNnL0oIfv112/IqjHAFbPOuF9q+saZNUS5EDh+d7eA==",
      "engines": {
        "node": ">=16"
      }
    },
    "node_modules/hast-to-hyperscript": {
      "version": "10.0.1",
      "resolved": "https://registry.npmjs.org/hast-to-hyperscript/-/hast-to-hyperscript-10.0.1.tgz",
      "integrity": "sha512-pUuBwJd2t7gC6i4/QG4e2n2yHi193EaF4ct/aHZTfBjcGdtzX/gAxf3iNMUO4D7asmg1xIu5w2+x7J1aXLxM0w==",
      "dependencies": {
        "property-information": "^6.0.0"
      },
      "engines": {
        "node": ">=10.0.0"
      }
    },
    "node_modules/highlight.js": {
      "version": "11.9.0",
      "resolved": "https://registry.npmjs.org/highlight.js/-/highlight.js-11.9.0.tgz",
      "integrity": "sha512-OHvBwQ4ifNboL0gv22bRCa8sQ/iT2f2v0WiXU/5S3oPSy5prK5d19AQp3k9S2Ggv96d2hy+kI2PY3ZDj3QjBTA==",
      "engines": {
        "node": ">=12.0.0"
      }
    },
    "node_modules/lowlight": {
      "version": "3.1.0",
      "resolved": "https://registry.npmjs.org/lowlight/-/lowlight-3.1.0.tgz",
      "integrity": "sha512-yJvjL8rGgXfceG/3V/9TjG4/jZz4s21vJdM91y9o7Q40aL6lRre3+jE+vEcaCgr7aB/+84C/FhRz6/Gnw==",
      "dependencies": {
        "fault": "^2.0.1",
        "hast-to-hyperscript": "^10.0.1",
        "highlight.js": "^11.5.1",
        "unist-util-visit-parents": "^6.0.1"
      }
    },
    "node_modules/loose-envify": {
      "version": "1.4.0",
      "resolved": "https://registry.npmjs.org/loose-envify/-/loose-envify-1.4.0.tgz",
      "integrity": "sha512-lyuxPGr/Wfhrlem2CL/UcnUc1zcqKA3S4bDGP/dG1uX8G8ss Kickstarter/Aan7ALyWq6ursqv70Z6BRkr3lKVH7NqEWWU==",
      "dependencies": {
        "js-tokens": "^3.0.0 || ^4.0.0"
      },
      "bin": {
        "loose-envify": "cli.js"
      }
    },
    "node_modules/ordered-map": {
      "version": "2.0.1",
      "resolved": "https://registry.npmjs.org/ordered-map/-/ordered-map-2.0.1.tgz",
      "integrity": "sha512-2O6fSjf+iQGBEGXy2BqgDYYsL2xHco2z3f+t2wPOZqnS0yKqYpL3L8g8K7p2gERn9Vp171GjSJWd1e+437sSwQ=="
    },
    "node_modules/property-information": {
      "version": "6.5.0",
      "resolved": "https://registry.npmjs.org/property-information/-/property-information-6.5.0.tgz",
      "integrity": "sha512-19Y+4r2x711y4i2l8xExisS8/VlP/QjRgi3xO8y6Mh1sTVn1QEZ3yq8v85lxdk+wYy9y0vS32rT5j7x2n+4dQw==",
      "engines": {
        "node": ">=10"
      }
    },
    "node_modules/prosemirror-commands": {
      "version": "2.0.0",
      "resolved": "https://registry.npmjs.org/prosemirror-commands/-/prosemirror-commands-2.0.0.tgz",
      "integrity": "sha512-q/oA72S15pOh68tD2zWvLp9TzV8dXTjA72Wc7rG2oT/XjZtmLp8S/Ff3VqD9rW2RKY/K/tSME3s91+Jv0G08A==",
      "dependencies": {
        "prosemirror-model": "^2.0.0",
        "prosemirror-state": "^2.0.0",
        "prosemirror-transform": "^2.0.0",
        "prosemirror-view": "^2.0.0"
      }
    },
    "node_modules/prosemirror-dropcursor": {
      "version": "2.0.0",
      "resolved": "https://registry.npmjs.org/prosemirror-dropcursor/-/prosemirror-dropcursor-2.0.0.tgz",
      "integrity": "sha512-6Wz+U2v3Tf/pD/L1pA792j1hTjL5s5e2yvQ13+q9iC6Vd25dD7W/P1j3C2Z6oO8G7yR+42A+kC+bL+0dg==",
      "dependencies": {
        "prosemirror-state": "^2.0.0",
        "prosemirror-view": "^2.0.0"
      }
    },
    "node_modules/prosemirror-gapcursor": {
      "version": "2.0.0",
      "resolved": "https://registry.npmjs.org/prosemirror-gapcursor/-/prosemirror-gapcursor-2.0.0.tgz",
      "integrity": "sha512-s9n24mP1j2j6iIWqUaxFGLY4fUoophJ5zHyLna29kfgz0h15I0t10wHcc+D/fRPLyGgHzo0y1Pz4E4G0zX4mEw==",
      "dependencies": {
        "prosemirror-state": "^2.0.0",
        "prosemirror-view": "^2.0.0"
      }
    },
    "node_modules/prosemirror-history": {
      "version": "2.0.0",
      "resolved": "https://registry.npmjs.org/prosemirror-history/-/prosemirror-history-2.0.0.tgz",
      "integrity": "sha512-78d1zP/vSZrUfK+A/n1QcxOaNSSqfgKysO0r6hV2e+2d9W7TsywzS0/gQJ7P8dHD4q3tUewk7z1T2oK7eYjK2A==",
      "dependencies": {
        "prosemirror-state": "^2.0.0",
        "prosemirror-transform": "^2.0.0"
      }
    },
    "node_modules/prosemirror-inputrules": {
      "version": "2.0.0",
      "resolved": "https://registry.npmjs.org/prosemirror-inputrules/-/prosemirror-inputrules-2.0.0.tgz",
      "integrity": "sha512-T3dGFAz/jW0KKYRkV5sB0YftA4skU2E8+G2B8yTUYVjPaaVdnx9/1H51eG+s/o1T3Y3JCBg3S0/uLw3v9A3G9g==",
      "dependencies": {
        "prosemirror-state": "^2.0.0",
        "prosemirror-view": "^2.0.0"
      }
    },
    "node_modules/prosemirror-keymap": {
      "version": "2.0.0",
      "resolved": "https://registry.npmjs.org/prosemirror-keymap/-/prosemirror-keymap-2.0.0.tgz",
      "integrity": "sha512-L/4rA3BucA6KjgoDrt/7P1NVA3x02rM+M8pYl+dOOgZAQTC3h6c2/LqTzLg2hHjwxk0e6/8nC/TUXs4Z+Xl8hA==",
      "dependencies": {
        "prosemirror-state": "^2.0.0",
        "w3c-keyname": "^2.2.1"
      }
    },
    "node_modules/prosemirror-model": {
      "version": "2.0.0",
      "resolved": "https://registry.npmjs.org/prosemirror-model/-/prosemirror-model-2.0.0.tgz",
      "integrity": "sha512-TqayFh+POnpDq0t8bM15hXGScUuA+sQl9bT42uUaT2Gj+G43b+k/lKq30AxE+vjvo5Yw7vE1sL6mZOkQfRzMA==",
      "dependencies": {
        "ordered-map": "^2.0.0"
      }
    },
    "node_modules/prosemirror-schema-list": {
      "version": "2.0.0",
      "resolved": "https://registry.npmjs.org/prosemirror-schema-list/-/prosemirror-schema-list-2.0.0.tgz",
      "integrity": "sha512-xXW7Z/8gqYjPt/z4uTq237Gg5X/wGjX/b2bLq9P5dKMpAyFOTkUuHReWfXhM+OUBqfO06trdJWt66J4Vp8d2wQ==",
      "dependencies": {
        "prosemirror-model": "^2.0.0",
        "prosemirror-state": "^2.0.0",
        "prosemirror-transform": "^2.0.0"
      }
    },
    "node_modules/prosemirror-state": {
      "version": "2.0.0",
      "resolved": "https://registry.npmjs.org/prosemirror-state/-/prosemirror-state-2.0.0.tgz",
      "integrity": "sha512-w9Y9krcsA4f+dYl9G9JhfN9+3wUqD+hK/+vB1GXt4nJq1F5Gfd8M7bF4rVzUDBFHLyKLY9u2E2w+j4GzK/37BQ==",
      "dependencies": {
        "prosemirror-model": "^2.0.0",
        "prosemirror-transform": "^2.0.0"
      }
    },
    "node_modules/prosemirror-transform": {
      "version": "2.0.0",
      "resolved": "https://registry.npmjs.org/prosemirror-transform/-/prosemirror-transform-2.0.0.tgz",
      "integrity": "sha512-+s2zGzUoPABY8lWCKjH81mSnKkBp/+984TqxNIMv5sHjJnvK+GvCMAywB2FqMABiA/4MpHt2vjC2cKPSv044Gg==",
      "dependencies": {
        "prosemirror-model": "^2.0.0"
      }
    },
    "node_modules/prosemirror-view": {
      "version": "2.0.0",
      "resolved": "https://registry.npmjs.org/prosemirror-view/-/prosemirror-view-2.0.0.tgz",
      "integrity": "sha512-y+1Nn7jA6zJk/i9zK/aBfM8gC+yCjfesCgWbT84r4YFkP3xZ+c57P7d/l/N/2Hw+9c+o7uO2P3u8A4mH7A==",
      "dependencies": {
        "prosemirror-model": "^2.0.0",
        "prosemirror-state": "^2.0.0",
        "prosemirror-transform": "^2.0.0"
      }
    },
    "node_modules/react": {
      "version": "18.2.0",
      "resolved": "https://registry.npmjs.org/react/-/react-18.2.0.tgz",
      "integrity": "sha512-/3IjMdbBGYg4SdeOni8D29Yd+arAsiTH/T+i6FvqwzP/nI5a1nKP/1dF1KqS2NqE3Ocfk5/xL8k1/rCFun/+2A==",
      "dependencies": {
        "loose-envify": "^1.1.0"
      },
      "engines": {
        "node": ">=0.10.0"
      }
    },
    "node_modules/react-dom": {
      "version": "18.2.0",
      "resolved": "https://registry.npmjs.org/react-dom/-/react-dom-18.2.0.tgz",
      "integrity": "sha512-6IMTriUmvsjHUjNtEDudZfuDQUoWzZXh2f9vN59D25+VCCoJvrQ3d6E4Q9M3F7P73i3PCa2bI9d22wflI3PDw==",
      "dependencies": {
        "loose-envify": "^1.1.0",
        "scheduler": "^0.23.0"
      },
      "peerDependencies": {
        "react": "18.2.0"
      }
    },
    "node_modules/scheduler": {
      "version": "0.23.2",
      "resolved": "https://registry.npmjs.org/scheduler/-/scheduler-0.23.2.tgz",
      "integrity": "sha512-maxI5fDdr3z/IbsW50V3bAkr5aL5k5b/y2Xn/u202M7/dC3nw4N+h41d/O8chC/8sTzVvE4F2e2/x2D0v2v/aQ==",
      "dependencies": {
        "loose-envify": "^1.1.0"
      }
    },
    "node_modules/unist-util-is": {
      "version": "6.0.0",
      "resolved": "https://registry.npmjs.org/unist-util-is/-/unist-util-is-6.0.0.tgz",
      "integrity": "sha512-o/xTM23bL2G2X+Z1M/H281kDEvo+HqE5i/OCLQb9r0jAxCgqGey5o4CMFHj9sCh+4t1/yBfAPk+wXxxjZqj5PA==",
      "engines": {
        "node": ">=16"
      }
    },
    "node_modules/unist-util-visit-parents": {
      "version": "6.0.1",
      "resolved": "https://registry.npmjs.org/unist-util-visit-parents/-/unist-util-visit-parents-6.0.1.tgz",
      "integrity": "sha512-qKGe87Tz9P8i91hPa2xZPGzDkLoPzuw2wBfWvYbw2aW2p7eYvQ+s1+tHSa6k/VSSX0u+2grn+Y61FDi+k/5gxg==",
      "dependencies": {
        "unist-util-is": "^6.0.0"
      },
      "engines": {
        "node": ">=16"
      }
    },
    "node_modules/w3c-keyname": {
      "version": "2.2.8",
      "resolved": "https://registry.npmjs.org/w3c-keyname/-/w3c-keyname-2.2.8.tgz",
      "integrity": "sha512-Ypbb/1Sf3E052/I+bWBbpvX1kFdc96rJYKPSzms1z49K2k+nF9S0wbzGvKso9T09r2n2rPWgqHDU+z/+Zl/a9w=="
    }
  }
}
